
Microsoft Visual Studio Solution File, Format Version 12.00
# Visual Studio Version 16
VisualStudioVersion = 16.0.30309.148
MinimumVisualStudioVersion = 10.0.40219.1
Project("{8BC9CEB8-8B4A-11D0-8D11-00A0C91BC942}") = "3D Engine", "3D Engine.vcxproj", "{536143E9-C0C5-4A8B-9972-07C4A3EA7F3B}"
EndProject
Global
	GlobalSection(SolutionConfigurationPlatforms) = preSolution
		Debug|x64 = Debug|x64
		Debug|x86 = Debug|x86
		Release|x64 = Release|x64
		Release|x86 = Release|x86
	EndGlobalSection
	GlobalSection(ProjectConfigurationPlatforms) = postSolution
		{536143E9-C0C5-4A8B-9972-07C4A3EA7F3B}.Debug|x64.ActiveCfg = Debug|x64
		{536143E9-C0C5-4A8B-9972-07C4A3EA7F3B}.Debug|x64.Build.0 = Debug|x64
		{536143E9-C0C5-4A8B-9972-07C4A3EA7F3B}.Debug|x86.ActiveCfg = Debug|Win32
		{536143E9-C0C5-4A8B-9972-07C4A3EA7F3B}.Debug|x86.Build.0 = Debug|Win32
		{536143E9-C0C5-4A8B-9972-07C4A3EA7F3B}.Release|x64.ActiveCfg = Release|x64
		{536143E9-C0C5-4A8B-9972-07C4A3EA7F3B}.Release|x64.Build.0 = Release|x64
		{536143E9-C0C5-4A8B-9972-07C4A3EA7F3B}.Release|x86.ActiveCfg = Release|Win32
		{536143E9-C0C5-4A8B-9972-07C4A3EA7F3B}.Release|x86.Build.0 = Release|Win32
	EndGlobalSection
	GlobalSection(SolutionProperties) = preSolution
		HideSolutionNode = FALSE
	EndGlobalSection
	GlobalSection(ExtensibilityGlobals) = postSolution
		SolutionGuid = {6BA72C5D-3FE3-4CD9-BD6A-93C3E0CCA52C}
	EndGlobalSection
EndGlobal
